
Microsoft Visual Studio Solution File, Format Version 12.00
# Visual Studio Version 17
VisualStudioVersion = 17.10.34916.146
MinimumVisualStudioVersion = 10.0.40219.1
Project("{9A19103F-16F7-4668-BE54-9A1E7A4F7556}") = "BlazorApp1", "BlazorApp1\BlazorApp1.csproj", "{EBB85F1A-8985-4974-B371-BCF4E08AF26F}"
EndProject
Project("{9A19103F-16F7-4668-BE54-9A1E7A4F7556}") = "WebApplication1", "WebApplication1\WebApplication1.csproj", "{2CE18987-A548-4B9E-A666-01A121A12002}"
EndProject
Project("{9A19103F-16F7-4668-BE54-9A1E7A4F7556}") = "DomainModel", "DomainModel\DomainModel.csproj", "{6FEC6A51-970B-4348-86EA-075058D6C326}"
EndProject
Project("{9A19103F-16F7-4668-BE54-9A1E7A4F7556}") = "BusinessLayer", "BusinessLayer\BusinessLayer.csproj", "{76CC2F33-D684-41B8-A81D-D24469E8D8EC}"
EndProject
Project("{9A19103F-16F7-4668-BE54-9A1E7A4F7556}") = "Repository", "Repository\Repository.csproj", "{3DB860DD-9728-4E68-A835-EB16586111A3}"
EndProject
Project("{FAE04EC0-301F-11D3-BF4B-00C04F79EFBC}") = "Seguridad", "Seguridad\Seguridad.csproj", "{2A01A2E7-BF21-4F78-ACEE-C39E51339B3E}"
EndProject
Global
	GlobalSection(SolutionConfigurationPlatforms) = preSolution
		Debug|Any CPU = Debug|Any CPU
		Release|Any CPU = Release|Any CPU
	EndGlobalSection
	GlobalSection(ProjectConfigurationPlatforms) = postSolution
		{EBB85F1A-8985-4974-B371-BCF4E08AF26F}.Debug|Any CPU.ActiveCfg = Debug|Any CPU
		{EBB85F1A-8985-4974-B371-BCF4E08AF26F}.Debug|Any CPU.Build.0 = Debug|Any CPU
		{EBB85F1A-8985-4974-B371-BCF4E08AF26F}.Release|Any CPU.ActiveCfg = Release|Any CPU
		{EBB85F1A-8985-4974-B371-BCF4E08AF26F}.Release|Any CPU.Build.0 = Release|Any CPU
		{2CE18987-A548-4B9E-A666-01A121A12002}.Debug|Any CPU.ActiveCfg = Debug|Any CPU
		{2CE18987-A548-4B9E-A666-01A121A12002}.Debug|Any CPU.Build.0 = Debug|Any CPU
		{2CE18987-A548-4B9E-A666-01A121A12002}.Release|Any CPU.ActiveCfg = Release|Any CPU
		{2CE18987-A548-4B9E-A666-01A121A12002}.Release|Any CPU.Build.0 = Release|Any CPU
		{6FEC6A51-970B-4348-86EA-075058D6C326}.Debug|Any CPU.ActiveCfg = Debug|Any CPU
		{6FEC6A51-970B-4348-86EA-075058D6C326}.Debug|Any CPU.Build.0 = Debug|Any CPU
		{6FEC6A51-970B-4348-86EA-075058D6C326}.Release|Any CPU.ActiveCfg = Release|Any CPU
		{6FEC6A51-970B-4348-86EA-075058D6C326}.Release|Any CPU.Build.0 = Release|Any CPU
		{76CC2F33-D684-41B8-A81D-D24469E8D8EC}.Debug|Any CPU.ActiveCfg = Debug|Any CPU
		{76CC2F33-D684-41B8-A81D-D24469E8D8EC}.Debug|Any CPU.Build.0 = Debug|Any CPU
		{76CC2F33-D684-41B8-A81D-D24469E8D8EC}.Release|Any CPU.ActiveCfg = Release|Any CPU
		{76CC2F33-D684-41B8-A81D-D24469E8D8EC}.Release|Any CPU.Build.0 = Release|Any CPU
		{3DB860DD-9728-4E68-A835-EB16586111A3}.Debug|Any CPU.ActiveCfg = Debug|Any CPU
		{3DB860DD-9728-4E68-A835-EB16586111A3}.Debug|Any CPU.Build.0 = Debug|Any CPU
		{3DB860DD-9728-4E68-A835-EB16586111A3}.Release|Any CPU.ActiveCfg = Release|Any CPU
		{3DB860DD-9728-4E68-A835-EB16586111A3}.Release|Any CPU.Build.0 = Release|Any CPU
		{2A01A2E7-BF21-4F78-ACEE-C39E51339B3E}.Debug|Any CPU.ActiveCfg = Debug|Any CPU
		{2A01A2E7-BF21-4F78-ACEE-C39E51339B3E}.Debug|Any CPU.Build.0 = Debug|Any CPU
		{2A01A2E7-BF21-4F78-ACEE-C39E51339B3E}.Release|Any CPU.ActiveCfg = Release|Any CPU
		{2A01A2E7-BF21-4F78-ACEE-C39E51339B3E}.Release|Any CPU.Build.0 = Release|Any CPU
	EndGlobalSection
	GlobalSection(SolutionProperties) = preSolution
		HideSolutionNode = FALSE
	EndGlobalSection
	GlobalSection(ExtensibilityGlobals) = postSolution
		SolutionGuid = {A4FAC2C0-233E-4C02-A7C3-9EF99195E3EB}
	EndGlobalSection
EndGlobal
